
Microsoft Visual Studio Solution File, Format Version 12.00
# Visual Studio Version 17
VisualStudioVersion = 17.1.32210.238
MinimumVisualStudioVersion = 10.0.40219.1
Project("{9A19103F-16F7-4668-BE54-9A1E7A4F7556}") = "Service", "Service\Service.csproj", "{B64309BA-0A4C-4EC9-B01F-11D904DDD8B9}"
EndProject
Project("{2150E333-8FDC-42A3-9474-1A3956D46DE8}") = "Solution Items", "Solution Items", "{8FEFFA1A-532B-4508-8BB5-4C784E915564}"
	ProjectSection(SolutionItems) = preProject
		.editorconfig = .editorconfig
		.gitignore = .gitignore
		CHANGELOG.md = CHANGELOG.md
		LICENSE.md = LICENSE.md
		README.md = README.md
	EndProjectSection
EndProject
Project("{9A19103F-16F7-4668-BE54-9A1E7A4F7556}") = "Configuration", "Configuration\Configuration.csproj", "{6DDCF2E3-6AE1-4FAB-8169-D48869B400FF}"
EndProject
Project("{9A19103F-16F7-4668-BE54-9A1E7A4F7556}") = "Core", "Core\Core.csproj", "{4A3B30E1-C174-46B4-8615-8921408C3158}"
EndProject
Global
	GlobalSection(SolutionConfigurationPlatforms) = preSolution
		Debug|Any CPU = Debug|Any CPU
		Release|Any CPU = Release|Any CPU
	EndGlobalSection
	GlobalSection(ProjectConfigurationPlatforms) = postSolution
		{B64309BA-0A4C-4EC9-B01F-11D904DDD8B9}.Debug|Any CPU.ActiveCfg = Debug|Any CPU
		{B64309BA-0A4C-4EC9-B01F-11D904DDD8B9}.Debug|Any CPU.Build.0 = Debug|Any CPU
		{B64309BA-0A4C-4EC9-B01F-11D904DDD8B9}.Release|Any CPU.ActiveCfg = Release|Any CPU
		{B64309BA-0A4C-4EC9-B01F-11D904DDD8B9}.Release|Any CPU.Build.0 = Release|Any CPU
		{6DDCF2E3-6AE1-4FAB-8169-D48869B400FF}.Debug|Any CPU.ActiveCfg = Debug|Any CPU
		{6DDCF2E3-6AE1-4FAB-8169-D48869B400FF}.Debug|Any CPU.Build.0 = Debug|Any CPU
		{6DDCF2E3-6AE1-4FAB-8169-D48869B400FF}.Release|Any CPU.ActiveCfg = Release|Any CPU
		{6DDCF2E3-6AE1-4FAB-8169-D48869B400FF}.Release|Any CPU.Build.0 = Release|Any CPU
		{4A3B30E1-C174-46B4-8615-8921408C3158}.Debug|Any CPU.ActiveCfg = Debug|Any CPU
		{4A3B30E1-C174-46B4-8615-8921408C3158}.Debug|Any CPU.Build.0 = Debug|Any CPU
		{4A3B30E1-C174-46B4-8615-8921408C3158}.Release|Any CPU.ActiveCfg = Release|Any CPU
		{4A3B30E1-C174-46B4-8615-8921408C3158}.Release|Any CPU.Build.0 = Release|Any CPU
	EndGlobalSection
	GlobalSection(SolutionProperties) = preSolution
		HideSolutionNode = FALSE
	EndGlobalSection
	GlobalSection(ExtensibilityGlobals) = postSolution
		SolutionGuid = {FFAFA7E9-92CD-4B53-BC80-C8EFD9720E7B}
	EndGlobalSection
EndGlobal
